
Microsoft Visual Studio Solution File, Format Version 12.00
# Visual Studio Version 17
VisualStudioVersion = 17.11.35327.3
MinimumVisualStudioVersion = 10.0.40219.1
Project("{9A19103F-16F7-4668-BE54-9A1E7A4F7556}") = "EcommerceAPI", "EcommerceAPI\EcommerceAPI.csproj", "{30366C5E-48EE-4198-9DEC-5B23E4300498}"
EndProject
Project("{9A19103F-16F7-4668-BE54-9A1E7A4F7556}") = "EcommerceModels", "EcommerceModels\EcommerceModels.csproj", "{1F863AA7-53F3-4B54-9658-5204C8B8A4DE}"
EndProject
Project("{9A19103F-16F7-4668-BE54-9A1E7A4F7556}") = "EcommercePersistence", "EcommercePersistence\EcommercePersistence.csproj", "{3D7AB852-25B8-4D9C-82B5-2EE946934E58}"
EndProject
Project("{9A19103F-16F7-4668-BE54-9A1E7A4F7556}") = "EcommerceRepositories", "EcommerceRepositories\EcommerceRepositories.csproj", "{39CA43BB-2843-435E-8F1A-E3333B745E41}"
EndProject
Project("{9A19103F-16F7-4668-BE54-9A1E7A4F7556}") = "EcommerceBusinessLogic", "EcommerceBusinessLogic\EcommerceBusinessLogic.csproj", "{7C4A47D2-66CC-4759-B41D-75CE903F741D}"
EndProject
Global
	GlobalSection(SolutionConfigurationPlatforms) = preSolution
		Debug|Any CPU = Debug|Any CPU
		Release|Any CPU = Release|Any CPU
	EndGlobalSection
	GlobalSection(ProjectConfigurationPlatforms) = postSolution
		{30366C5E-48EE-4198-9DEC-5B23E4300498}.Debug|Any CPU.ActiveCfg = Debug|Any CPU
		{30366C5E-48EE-4198-9DEC-5B23E4300498}.Debug|Any CPU.Build.0 = Debug|Any CPU
		{30366C5E-48EE-4198-9DEC-5B23E4300498}.Release|Any CPU.ActiveCfg = Release|Any CPU
		{30366C5E-48EE-4198-9DEC-5B23E4300498}.Release|Any CPU.Build.0 = Release|Any CPU
		{1F863AA7-53F3-4B54-9658-5204C8B8A4DE}.Debug|Any CPU.ActiveCfg = Debug|Any CPU
		{1F863AA7-53F3-4B54-9658-5204C8B8A4DE}.Debug|Any CPU.Build.0 = Debug|Any CPU
		{1F863AA7-53F3-4B54-9658-5204C8B8A4DE}.Release|Any CPU.ActiveCfg = Release|Any CPU
		{1F863AA7-53F3-4B54-9658-5204C8B8A4DE}.Release|Any CPU.Build.0 = Release|Any CPU
		{3D7AB852-25B8-4D9C-82B5-2EE946934E58}.Debug|Any CPU.ActiveCfg = Debug|Any CPU
		{3D7AB852-25B8-4D9C-82B5-2EE946934E58}.Debug|Any CPU.Build.0 = Debug|Any CPU
		{3D7AB852-25B8-4D9C-82B5-2EE946934E58}.Release|Any CPU.ActiveCfg = Release|Any CPU
		{3D7AB852-25B8-4D9C-82B5-2EE946934E58}.Release|Any CPU.Build.0 = Release|Any CPU
		{39CA43BB-2843-435E-8F1A-E3333B745E41}.Debug|Any CPU.ActiveCfg = Debug|Any CPU
		{39CA43BB-2843-435E-8F1A-E3333B745E41}.Debug|Any CPU.Build.0 = Debug|Any CPU
		{39CA43BB-2843-435E-8F1A-E3333B745E41}.Release|Any CPU.ActiveCfg = Release|Any CPU
		{39CA43BB-2843-435E-8F1A-E3333B745E41}.Release|Any CPU.Build.0 = Release|Any CPU
		{7C4A47D2-66CC-4759-B41D-75CE903F741D}.Debug|Any CPU.ActiveCfg = Debug|Any CPU
		{7C4A47D2-66CC-4759-B41D-75CE903F741D}.Debug|Any CPU.Build.0 = Debug|Any CPU
		{7C4A47D2-66CC-4759-B41D-75CE903F741D}.Release|Any CPU.ActiveCfg = Release|Any CPU
		{7C4A47D2-66CC-4759-B41D-75CE903F741D}.Release|Any CPU.Build.0 = Release|Any CPU
	EndGlobalSection
	GlobalSection(SolutionProperties) = preSolution
		HideSolutionNode = FALSE
	EndGlobalSection
	GlobalSection(ExtensibilityGlobals) = postSolution
		SolutionGuid = {C765EBAB-3FE4-4340-97EA-D57E607D09E1}
	EndGlobalSection
EndGlobal
